{
  "name": "assets",
  "lockfileVersion": 3,
  "requires": true,
  "packages": {
    "": {
      "dependencies": {
        "alpinejs": "^3.14.1",
        "phoenix": "^1.7.11",
        "phoenix_html": "^4.1.1",
        "phoenix_live_view": "^0.20.14",
        "primer-live": "file:../../../deps/primer_live"
      }
    },
    "../../../deps/primer_live": {
      "name": "primer-live",
      "version": "0.7.0",
      "license": "MIT"
    },
    "node_modules/@vue/reactivity": {
      "version": "3.1.5",
      "resolved": "https://registry.npmjs.org/@vue/reactivity/-/reactivity-3.1.5.tgz",
      "integrity": "sha512-1tdfLmNjWG6t/CsPldh+foumYFo3cpyCHgBYQ34ylaMsJ+SNHQ1kApMIa8jN+i593zQuaw3AdWH0nJTARzCFhg==",
      "dependencies": {
        "@vue/shared": "3.1.5"
      }
    },
    "node_modules/@vue/shared": {
      "version": "3.1.5",
      "resolved": "https://registry.npmjs.org/@vue/shared/-/shared-3.1.5.tgz",
      "integrity": "sha512-oJ4F3TnvpXaQwZJNF3ZK+kLPHKarDmJjJ6jyzVNDKH9md1dptjC7lWR//jrGuLdek/U6iltWxqAnYOu8gCiOvA=="
    },
    "node_modules/alpinejs": {
      "version": "3.14.1",
      "resolved": "https://registry.npmjs.org/alpinejs/-/alpinejs-3.14.1.tgz",
      "integrity": "sha512-ICar8UsnRZAYvv/fCNfNeKMXNoXGUfwHrjx7LqXd08zIP95G2d9bAOuaL97re+1mgt/HojqHsfdOLo/A5LuWgQ==",
      "dependencies": {
        "@vue/reactivity": "~3.1.1"
      }
    },
    "node_modules/phoenix": {
      "version": "1.7.12",
      "resolved": "https://registry.npmjs.org/phoenix/-/phoenix-1.7.12.tgz",
      "integrity": "sha512-jo8sK7mVYTFSa5FITmL/1lAbARIJMcEMJrMPZtUdss1zE37VZBnCowpakH8sEzH0ezs+hIaXSyYPCwlzrvph+g=="
    },
    "node_modules/phoenix_html": {
      "version": "4.1.1",
      "resolved": "https://registry.npmjs.org/phoenix_html/-/phoenix_html-4.1.1.tgz",
      "integrity": "sha512-RpvlxDkP13MTQkfbZGFD7XrLgE28mqlwU+rSQxhNyj9U0KzPgeeh4ctn+Mz7jlpsKFAhLe47PXQsff3EXJ4mbg=="
    },
    "node_modules/phoenix_live_view": {
      "version": "0.20.14",
      "resolved": "https://registry.npmjs.org/phoenix_live_view/-/phoenix_live_view-0.20.14.tgz",
      "integrity": "sha512-pk7xX1CjUaoHRE47S0Rq+OdrGrXRHrZZQEaNbRNCAbKjSEAJ9o+sYQ+6nZipTJaIbC0lEGMDWxZzyuQ/6yeHsQ=="
    },
    "node_modules/primer-live": {
      "resolved": "../../../deps/primer_live",
      "link": true
    }
  }
}
