# THIS IS AN AUTOGENERATED FILE. DO NOT EDIT THIS FILE DIRECTLY.
# yarn lockfile v1


"@vue/reactivity@~3.1.1":
  version "3.1.5"
  resolved "https://registry.yarnpkg.com/@vue/reactivity/-/reactivity-3.1.5.tgz#dbec4d9557f7c8f25c2635db1e23a78a729eb991"
  integrity sha512-1tdfLmNjWG6t/CsPldh+foumYFo3cpyCHgBYQ34ylaMsJ+SNHQ1kApMIa8jN+i593zQuaw3AdWH0nJTARzCFhg==
  dependencies:
    "@vue/shared" "3.1.5"

"@vue/shared@3.1.5":
  version "3.1.5"
  resolved "https://registry.yarnpkg.com/@vue/shared/-/shared-3.1.5.tgz#74ee3aad995d0a3996a6bb9533d4d280514ede03"
  integrity sha512-oJ4F3TnvpXaQwZJNF3ZK+kLPHKarDmJjJ6jyzVNDKH9md1dptjC7lWR//jrGuLdek/U6iltWxqAnYOu8gCiOvA==

alpinejs@^3.14.1:
  version "3.14.1"
  resolved "https://registry.yarnpkg.com/alpinejs/-/alpinejs-3.14.1.tgz#549e056c3b75e57c0f23076a13cde09da684ba0a"
  integrity sha512-ICar8UsnRZAYvv/fCNfNeKMXNoXGUfwHrjx7LqXd08zIP95G2d9bAOuaL97re+1mgt/HojqHsfdOLo/A5LuWgQ==
  dependencies:
    "@vue/reactivity" "~3.1.1"

phoenix@^1.7.11:
  version "1.7.14"
  resolved "https://registry.yarnpkg.com/phoenix/-/phoenix-1.7.14.tgz#2661c59dc39f0c0c00f4a4f5e5a9dfad22783810"
  integrity sha512-3tZ76PiH/2g+Kyzhz8+GIFYrnx3lRnwi/Qt3ZUH04xpMxXL7Guerd5aaxtpWal73X+H8iLAjo2c+AgRy2KYQcQ==

phoenix_html@^4.1.1:
  version "4.1.1"
  resolved "https://registry.yarnpkg.com/phoenix_html/-/phoenix_html-4.1.1.tgz#0be8c4a0592350b18ff97671eb12f9c6445b5a5a"
  integrity sha512-RpvlxDkP13MTQkfbZGFD7XrLgE28mqlwU+rSQxhNyj9U0KzPgeeh4ctn+Mz7jlpsKFAhLe47PXQsff3EXJ4mbg==

phoenix_live_view@^0.20.14:
  version "0.20.17"
  resolved "https://registry.yarnpkg.com/phoenix_live_view/-/phoenix_live_view-0.20.17.tgz#91ab0df21f1c4b24590f08d3250efec945f1948d"
  integrity sha512-qGT3Jtj2wUawOaMrE8NKXmkexfaUn6bx5PuPMxWMzYuyp6Qv9i4xRZ2T3U6avC5Kf+oJEiBVIiWrODooC0vpQw==
